
Microsoft Visual Studio Solution File, Format Version 12.00
# Visual Studio 15
VisualStudioVersion = 15.0.26430.6
MinimumVisualStudioVersion = 10.0.40219.1
Project("{8BC9CEB8-8B4A-11D0-8D11-00A0C91BC942}") = "01_hello_SDL", "Projects\01_hello_SDL.vcxproj", "{ADEAFC16-2B9E-450F-9B89-3D66912CCA60}"
EndProject
Project("{8BC9CEB8-8B4A-11D0-8D11-00A0C91BC942}") = "02_getting_an_image_on_the_screen", "Projects\02_getting_an_image_on_the_screen.vcxproj", "{37367E77-85F5-4E6A-8CBC-885584BB4840}"
EndProject
Project("{8BC9CEB8-8B4A-11D0-8D11-00A0C91BC942}") = "03_event_driven_programming", "Projects\03_event_driven_programming.vcxproj", "{79736C50-B53C-48C4-92CB-11D6BC858AA9}"
EndProject
Project("{8BC9CEB8-8B4A-11D0-8D11-00A0C91BC942}") = "04_key_presses", "Projects\04_key_presses.vcxproj", "{5BE25AE5-BC44-404B-AF4A-4C98B1B0F4C2}"
EndProject
Project("{8BC9CEB8-8B4A-11D0-8D11-00A0C91BC942}") = "05_optimized_surface_loading_and_soft_stretching", "Projects\05_optimized_surface_loading_and_soft_stretching.vcxproj", "{921CA6CB-A197-4986-853B-291A1DEE2002}"
EndProject
Project("{8BC9CEB8-8B4A-11D0-8D11-00A0C91BC942}") = "06_extension_libraries_and_loading_other_image_formats", "Projects\06_extension_libraries_and_loading_other_image_formats.vcxproj", "{521FF4E0-013F-4360-BB52-1217EB2C44A0}"
EndProject
Project("{8BC9CEB8-8B4A-11D0-8D11-00A0C91BC942}") = "07_texture_loading_and_rendering", "Projects\07_texture_loading_and_rendering.vcxproj", "{AD1E545A-5ED2-4CD0-8990-999DF6E7C88A}"
EndProject
Project("{8BC9CEB8-8B4A-11D0-8D11-00A0C91BC942}") = "08_geometry_rendering", "Projects\08_geometry_rendering.vcxproj", "{22FEADFF-7D46-492C-A194-69F6B413C85D}"
EndProject
Project("{8BC9CEB8-8B4A-11D0-8D11-00A0C91BC942}") = "09_the_viewport", "Projects\09_the_viewport.vcxproj", "{BFA3F9EF-6FE6-4DF6-B2D6-9DBBC227A77B}"
EndProject
Project("{8BC9CEB8-8B4A-11D0-8D11-00A0C91BC942}") = "10_color_keying", "Projects\10_color_keying.vcxproj", "{62F461D8-F44D-4EC1-BC29-A1A539352A6C}"
EndProject
Project("{8BC9CEB8-8B4A-11D0-8D11-00A0C91BC942}") = "11_clip_rendering_and_sprite_sheets", "Projects\11_clip_rendering_and_sprite_sheets.vcxproj", "{5CD2BE86-8658-4E14-9B07-C349B7982538}"
EndProject
Project("{8BC9CEB8-8B4A-11D0-8D11-00A0C91BC942}") = "12_color_modulation", "Projects\12_color_modulation.vcxproj", "{516169D7-EAB4-42F4-AE47-DCD7BACE6C62}"
EndProject
Project("{8BC9CEB8-8B4A-11D0-8D11-00A0C91BC942}") = "13_alpha_blending", "Projects\13_alpha_blending.vcxproj", "{9118BC9B-D6D4-47BB-8379-83A5FF74AD6C}"
EndProject
Project("{8BC9CEB8-8B4A-11D0-8D11-00A0C91BC942}") = "14_animated_sprites_and_vsync", "Projects\14_animated_sprites_and_vsync.vcxproj", "{C1AF9743-C991-49FD-B4A8-1E55C736B6E2}"
EndProject
Project("{8BC9CEB8-8B4A-11D0-8D11-00A0C91BC942}") = "15_rotation_and_flipping", "Projects\15_rotation_and_flipping.vcxproj", "{F26FC927-31A7-43B6-BDD1-46D5EFAFED20}"
EndProject
Project("{8BC9CEB8-8B4A-11D0-8D11-00A0C91BC942}") = "16_true_type_fonts", "Projects\16_true_type_fonts.vcxproj", "{36034F2D-4595-40B0-BDB6-F876DDA5AF3B}"
EndProject
Project("{8BC9CEB8-8B4A-11D0-8D11-00A0C91BC942}") = "17_mouse_events", "Projects\17_mouse_events.vcxproj", "{284FAC01-2931-4B1A-95DF-69B3594349DD}"
EndProject
Project("{8BC9CEB8-8B4A-11D0-8D11-00A0C91BC942}") = "18_key_states", "Projects\18_key_states.vcxproj", "{2C50AB10-CF88-4BE5-8230-DB736DA38F09}"
EndProject
Project("{8BC9CEB8-8B4A-11D0-8D11-00A0C91BC942}") = "19_gamepads_and_joysticks", "Projects\19_gamepads_and_joysticks.vcxproj", "{DD573A92-2EDE-4B52-959F-1DF4D3EE9130}"
EndProject
Project("{8BC9CEB8-8B4A-11D0-8D11-00A0C91BC942}") = "20_force_feedback", "Projects\20_force_feedback.vcxproj", "{03FFA018-095D-4954-8BCF-5BC9B02514E4}"
EndProject
Project("{8BC9CEB8-8B4A-11D0-8D11-00A0C91BC942}") = "21_sound_effects_and_music", "Projects\21_sound_effects_and_music.vcxproj", "{9AE3B526-15A7-419A-BB32-877FA8D826D0}"
EndProject
Project("{8BC9CEB8-8B4A-11D0-8D11-00A0C91BC942}") = "22_timing", "Projects\22_timing.vcxproj", "{4E71116B-122A-41F1-BBF6-2FBF41022174}"
EndProject
Project("{8BC9CEB8-8B4A-11D0-8D11-00A0C91BC942}") = "23_advanced_timers", "Projects\23_advanced_timers.vcxproj", "{4DBF55E2-0B5C-4C65-9922-9995F8E927E8}"
EndProject
Project("{8BC9CEB8-8B4A-11D0-8D11-00A0C91BC942}") = "24_calculating_frame_rate", "Projects\24_calculating_frame_rate.vcxproj", "{034791C7-87C9-43DA-895A-6DEAF2FD55EE}"
EndProject
Project("{8BC9CEB8-8B4A-11D0-8D11-00A0C91BC942}") = "25_capping_frame_rate", "Projects\25_capping_frame_rate.vcxproj", "{2A2753F5-69DA-4414-9322-D4B45F1BE0F1}"
EndProject
Project("{8BC9CEB8-8B4A-11D0-8D11-00A0C91BC942}") = "26_motion", "Projects\26_motion.vcxproj", "{DB665464-83EC-497A-9FDF-D067D9EA0120}"
EndProject
Project("{8BC9CEB8-8B4A-11D0-8D11-00A0C91BC942}") = "27_collision_detection", "Projects\27_collision_detection.vcxproj", "{37EF8A0F-23AF-48CD-8806-32D2958E3BC9}"
EndProject
Project("{8BC9CEB8-8B4A-11D0-8D11-00A0C91BC942}") = "28_per-pixel_collision_detection", "Projects\28_per-pixel_collision_detection.vcxproj", "{3DC23AFB-C9CD-4C6B-8C04-8A735792117C}"
EndProject
Project("{8BC9CEB8-8B4A-11D0-8D11-00A0C91BC942}") = "29_circular_collision_detection", "Projects\29_circular_collision_detection.vcxproj", "{3D989C87-5AEC-4C12-BC31-9AAF35E8B198}"
EndProject
Project("{8BC9CEB8-8B4A-11D0-8D11-00A0C91BC942}") = "30_scrolling", "Projects\30_scrolling.vcxproj", "{155CE659-5059-4404-A23A-400BAAD5659E}"
EndProject
Project("{8BC9CEB8-8B4A-11D0-8D11-00A0C91BC942}") = "31_scrolling_backgrounds", "Projects\31_scrolling_backgrounds.vcxproj", "{66C57E54-37A4-45BB-BD4C-1A11836856B2}"
EndProject
Project("{8BC9CEB8-8B4A-11D0-8D11-00A0C91BC942}") = "32_text_input_and_clipboard_handling", "Projects\32_text_input_and_clipboard_handling.vcxproj", "{42D6D5A7-5204-47CA-9143-75097F90D440}"
EndProject
Project("{8BC9CEB8-8B4A-11D0-8D11-00A0C91BC942}") = "33_file_reading_and_writing", "Projects\33_file_reading_and_writing.vcxproj", "{4A5DE3D0-BDD3-408B-AD72-3623CEEE7AFC}"
EndProject
Project("{8BC9CEB8-8B4A-11D0-8D11-00A0C91BC942}") = "34_audio_recording", "Projects\34_audio_recording.vcxproj", "{66AAA197-15CF-4CFA-8D4D-D05917990657}"
EndProject
Project("{8BC9CEB8-8B4A-11D0-8D11-00A0C91BC942}") = "35_window_events", "Projects\35_window_events.vcxproj", "{EEF83ADD-B422-400A-AD06-3C38C19AC366}"
EndProject
Project("{8BC9CEB8-8B4A-11D0-8D11-00A0C91BC942}") = "36_multiple_windows", "Projects\36_multiple_windows.vcxproj", "{E471BCED-272C-4971-B373-4E4E954353C1}"
EndProject
Project("{8BC9CEB8-8B4A-11D0-8D11-00A0C91BC942}") = "37_multiple_displays", "Projects\37_multiple_displays.vcxproj", "{40676C99-BDE8-4953-88D5-0281C472A7A3}"
EndProject
Project("{8BC9CEB8-8B4A-11D0-8D11-00A0C91BC942}") = "38_particle_engines", "Projects\38_particle_engines.vcxproj", "{A3B6E3E5-60ED-4FE8-9C8D-35AE13941FFB}"
EndProject
Project("{8BC9CEB8-8B4A-11D0-8D11-00A0C91BC942}") = "39_tiling", "Projects\39_tiling.vcxproj", "{2422516F-9081-43BE-A784-1B8AEBEA97CC}"
EndProject
Project("{8BC9CEB8-8B4A-11D0-8D11-00A0C91BC942}") = "40_texture_manipulation", "Projects\40_texture_manipulation.vcxproj", "{12878C3D-9325-4747-BA46-36A495C3952D}"
EndProject
Project("{8BC9CEB8-8B4A-11D0-8D11-00A0C91BC942}") = "41_bitmap_fonts", "Projects\41_bitmap_fonts.vcxproj", "{8A06BC96-EE67-4987-B90C-E5FBD257956D}"
EndProject
Project("{8BC9CEB8-8B4A-11D0-8D11-00A0C91BC942}") = "42_texture_streaming", "Projects\42_texture_streaming.vcxproj", "{15976BCA-AB09-4D03-B9C5-502DDA5D2ED8}"
EndProject
Project("{8BC9CEB8-8B4A-11D0-8D11-00A0C91BC942}") = "43_render_to_texture", "Projects\43_render_to_texture.vcxproj", "{7F9B2FA1-F759-4E9A-947B-E179DFBAB9B0}"
EndProject
Project("{8BC9CEB8-8B4A-11D0-8D11-00A0C91BC942}") = "44_frame_independent_movement", "Projects\44_frame_independent_movement.vcxproj", "{45508D06-C17D-4126-A6E1-A7250725D39A}"
EndProject
Project("{8BC9CEB8-8B4A-11D0-8D11-00A0C91BC942}") = "45_timer_callbacks", "Projects\45_timer_callbacks.vcxproj", "{D77DA427-A94F-4CEB-BEEE-B6622E1005EA}"
EndProject
Project("{8BC9CEB8-8B4A-11D0-8D11-00A0C91BC942}") = "46_multithreading", "Projects\46_multithreading.vcxproj", "{661A2AFA-79C7-48B2-BFA6-B5BCFCD0AA7F}"
EndProject
Project("{8BC9CEB8-8B4A-11D0-8D11-00A0C91BC942}") = "47_semaphores", "Projects\47_semaphores.vcxproj", "{8A84C879-1961-4DCC-BEEF-6CB6DB8F3852}"
EndProject
Project("{8BC9CEB8-8B4A-11D0-8D11-00A0C91BC942}") = "48_atomic_operations", "Projects\48_atomic_operations.vcxproj", "{63F61481-1B7A-405E-990B-047A0E43D1E9}"
EndProject
Project("{8BC9CEB8-8B4A-11D0-8D11-00A0C91BC942}") = "49_mutexes_and_conditions", "Projects\49_mutexes_and_conditions.vcxproj", "{11EDB00F-BBC6-47C4-9A35-64FBBC440FE8}"
EndProject
Project("{8BC9CEB8-8B4A-11D0-8D11-00A0C91BC942}") = "50_SDL_and_opengl_2", "Projects\50_SDL_and_opengl_2.vcxproj", "{0E6F6994-7852-41CA-8DCB-A66664129C08}"
EndProject
Project("{8BC9CEB8-8B4A-11D0-8D11-00A0C91BC942}") = "51_SDL_and_modern_opengl", "Projects\51_SDL_and_modern_opengl.vcxproj", "{FB691BC9-9DD6-4356-ACC5-294CC101162C}"
EndProject
Project("{8BC9CEB8-8B4A-11D0-8D11-00A0C91BC942}") = "52_hello_mobile", "Projects\52_hello_mobile.vcxproj", "{8D1CD118-F2B9-4469-9A46-966783B3B17E}"
EndProject
Project("{8BC9CEB8-8B4A-11D0-8D11-00A0C91BC942}") = "53_extensions_and_changing_orientation", "Projects\53_extensions_and_changing_orientation.vcxproj", "{746F8ECC-D40B-4693-A0CC-2D6E435672DC}"
EndProject
Project("{8BC9CEB8-8B4A-11D0-8D11-00A0C91BC942}") = "54_touches", "Projects\54_touches.vcxproj", "{958456A4-1CD2-41A5-A8A0-4977D88C33E2}"
EndProject
Project("{8BC9CEB8-8B4A-11D0-8D11-00A0C91BC942}") = "55_multitouch", "Projects\55_multitouch.vcxproj", "{8DA51B18-B068-49B6-A0DD-611166D1D288}"
EndProject
Global
	GlobalSection(SolutionConfigurationPlatforms) = preSolution
		Debug|x64 = Debug|x64
		Debug|x86 = Debug|x86
		Release|x64 = Release|x64
		Release|x86 = Release|x86
	EndGlobalSection
	GlobalSection(ProjectConfigurationPlatforms) = postSolution
		{ADEAFC16-2B9E-450F-9B89-3D66912CCA60}.Debug|x64.ActiveCfg = Debug|x64
		{ADEAFC16-2B9E-450F-9B89-3D66912CCA60}.Debug|x64.Build.0 = Debug|x64
		{ADEAFC16-2B9E-450F-9B89-3D66912CCA60}.Debug|x86.ActiveCfg = Debug|Win32
		{ADEAFC16-2B9E-450F-9B89-3D66912CCA60}.Debug|x86.Build.0 = Debug|Win32
		{ADEAFC16-2B9E-450F-9B89-3D66912CCA60}.Release|x64.ActiveCfg = Release|x64
		{ADEAFC16-2B9E-450F-9B89-3D66912CCA60}.Release|x64.Build.0 = Release|x64
		{ADEAFC16-2B9E-450F-9B89-3D66912CCA60}.Release|x86.ActiveCfg = Release|Win32
		{ADEAFC16-2B9E-450F-9B89-3D66912CCA60}.Release|x86.Build.0 = Release|Win32
		{37367E77-85F5-4E6A-8CBC-885584BB4840}.Debug|x64.ActiveCfg = Debug|x64
		{37367E77-85F5-4E6A-8CBC-885584BB4840}.Debug|x64.Build.0 = Debug|x64
		{37367E77-85F5-4E6A-8CBC-885584BB4840}.Debug|x86.ActiveCfg = Debug|Win32
		{37367E77-85F5-4E6A-8CBC-885584BB4840}.Debug|x86.Build.0 = Debug|Win32
		{37367E77-85F5-4E6A-8CBC-885584BB4840}.Release|x64.ActiveCfg = Release|x64
		{37367E77-85F5-4E6A-8CBC-885584BB4840}.Release|x64.Build.0 = Release|x64
		{37367E77-85F5-4E6A-8CBC-885584BB4840}.Release|x86.ActiveCfg = Release|Win32
		{37367E77-85F5-4E6A-8CBC-885584BB4840}.Release|x86.Build.0 = Release|Win32
		{79736C50-B53C-48C4-92CB-11D6BC858AA9}.Debug|x64.ActiveCfg = Debug|x64
		{79736C50-B53C-48C4-92CB-11D6BC858AA9}.Debug|x64.Build.0 = Debug|x64
		{79736C50-B53C-48C4-92CB-11D6BC858AA9}.Debug|x86.ActiveCfg = Debug|Win32
		{79736C50-B53C-48C4-92CB-11D6BC858AA9}.Debug|x86.Build.0 = Debug|Win32
		{79736C50-B53C-48C4-92CB-11D6BC858AA9}.Release|x64.ActiveCfg = Release|x64
		{79736C50-B53C-48C4-92CB-11D6BC858AA9}.Release|x64.Build.0 = Release|x64
		{79736C50-B53C-48C4-92CB-11D6BC858AA9}.Release|x86.ActiveCfg = Release|Win32
		{79736C50-B53C-48C4-92CB-11D6BC858AA9}.Release|x86.Build.0 = Release|Win32
		{5BE25AE5-BC44-404B-AF4A-4C98B1B0F4C2}.Debug|x64.ActiveCfg = Debug|x64
		{5BE25AE5-BC44-404B-AF4A-4C98B1B0F4C2}.Debug|x64.Build.0 = Debug|x64
		{5BE25AE5-BC44-404B-AF4A-4C98B1B0F4C2}.Debug|x86.ActiveCfg = Debug|Win32
		{5BE25AE5-BC44-404B-AF4A-4C98B1B0F4C2}.Debug|x86.Build.0 = Debug|Win32
		{5BE25AE5-BC44-404B-AF4A-4C98B1B0F4C2}.Release|x64.ActiveCfg = Release|x64
		{5BE25AE5-BC44-404B-AF4A-4C98B1B0F4C2}.Release|x64.Build.0 = Release|x64
		{5BE25AE5-BC44-404B-AF4A-4C98B1B0F4C2}.Release|x86.ActiveCfg = Release|Win32
		{5BE25AE5-BC44-404B-AF4A-4C98B1B0F4C2}.Release|x86.Build.0 = Release|Win32
		{921CA6CB-A197-4986-853B-291A1DEE2002}.Debug|x64.ActiveCfg = Debug|x64
		{921CA6CB-A197-4986-853B-291A1DEE2002}.Debug|x64.Build.0 = Debug|x64
		{921CA6CB-A197-4986-853B-291A1DEE2002}.Debug|x86.ActiveCfg = Debug|Win32
		{921CA6CB-A197-4986-853B-291A1DEE2002}.Debug|x86.Build.0 = Debug|Win32
		{921CA6CB-A197-4986-853B-291A1DEE2002}.Release|x64.ActiveCfg = Release|x64
		{921CA6CB-A197-4986-853B-291A1DEE2002}.Release|x64.Build.0 = Release|x64
		{921CA6CB-A197-4986-853B-291A1DEE2002}.Release|x86.ActiveCfg = Release|Win32
		{921CA6CB-A197-4986-853B-291A1DEE2002}.Release|x86.Build.0 = Release|Win32
		{521FF4E0-013F-4360-BB52-1217EB2C44A0}.Debug|x64.ActiveCfg = Debug|x64
		{521FF4E0-013F-4360-BB52-1217EB2C44A0}.Debug|x64.Build.0 = Debug|x64
		{521FF4E0-013F-4360-BB52-1217EB2C44A0}.Debug|x86.ActiveCfg = Debug|Win32
		{521FF4E0-013F-4360-BB52-1217EB2C44A0}.Debug|x86.Build.0 = Debug|Win32
		{521FF4E0-013F-4360-BB52-1217EB2C44A0}.Release|x64.ActiveCfg = Release|x64
		{521FF4E0-013F-4360-BB52-1217EB2C44A0}.Release|x64.Build.0 = Release|x64
		{521FF4E0-013F-4360-BB52-1217EB2C44A0}.Release|x86.ActiveCfg = Release|Win32
		{521FF4E0-013F-4360-BB52-1217EB2C44A0}.Release|x86.Build.0 = Release|Win32
		{AD1E545A-5ED2-4CD0-8990-999DF6E7C88A}.Debug|x64.ActiveCfg = Debug|x64
		{AD1E545A-5ED2-4CD0-8990-999DF6E7C88A}.Debug|x64.Build.0 = Debug|x64
		{AD1E545A-5ED2-4CD0-8990-999DF6E7C88A}.Debug|x86.ActiveCfg = Debug|Win32
		{AD1E545A-5ED2-4CD0-8990-999DF6E7C88A}.Debug|x86.Build.0 = Debug|Win32
		{AD1E545A-5ED2-4CD0-8990-999DF6E7C88A}.Release|x64.ActiveCfg = Release|x64
		{AD1E545A-5ED2-4CD0-8990-999DF6E7C88A}.Release|x64.Build.0 = Release|x64
		{AD1E545A-5ED2-4CD0-8990-999DF6E7C88A}.Release|x86.ActiveCfg = Release|Win32
		{AD1E545A-5ED2-4CD0-8990-999DF6E7C88A}.Release|x86.Build.0 = Release|Win32
		{22FEADFF-7D46-492C-A194-69F6B413C85D}.Debug|x64.ActiveCfg = Debug|x64
		{22FEADFF-7D46-492C-A194-69F6B413C85D}.Debug|x64.Build.0 = Debug|x64
		{22FEADFF-7D46-492C-A194-69F6B413C85D}.Debug|x86.ActiveCfg = Debug|Win32
		{22FEADFF-7D46-492C-A194-69F6B413C85D}.Debug|x86.Build.0 = Debug|Win32
		{22FEADFF-7D46-492C-A194-69F6B413C85D}.Release|x64.ActiveCfg = Release|x64
		{22FEADFF-7D46-492C-A194-69F6B413C85D}.Release|x64.Build.0 = Release|x64
		{22FEADFF-7D46-492C-A194-69F6B413C85D}.Release|x86.ActiveCfg = Release|Win32
		{22FEADFF-7D46-492C-A194-69F6B413C85D}.Release|x86.Build.0 = Release|Win32
		{BFA3F9EF-6FE6-4DF6-B2D6-9DBBC227A77B}.Debug|x64.ActiveCfg = Debug|x64
		{BFA3F9EF-6FE6-4DF6-B2D6-9DBBC227A77B}.Debug|x64.Build.0 = Debug|x64
		{BFA3F9EF-6FE6-4DF6-B2D6-9DBBC227A77B}.Debug|x86.ActiveCfg = Debug|Win32
		{BFA3F9EF-6FE6-4DF6-B2D6-9DBBC227A77B}.Debug|x86.Build.0 = Debug|Win32
		{BFA3F9EF-6FE6-4DF6-B2D6-9DBBC227A77B}.Release|x64.ActiveCfg = Release|x64
		{BFA3F9EF-6FE6-4DF6-B2D6-9DBBC227A77B}.Release|x64.Build.0 = Release|x64
		{BFA3F9EF-6FE6-4DF6-B2D6-9DBBC227A77B}.Release|x86.ActiveCfg = Release|Win32
		{BFA3F9EF-6FE6-4DF6-B2D6-9DBBC227A77B}.Release|x86.Build.0 = Release|Win32
		{62F461D8-F44D-4EC1-BC29-A1A539352A6C}.Debug|x64.ActiveCfg = Debug|x64
		{62F461D8-F44D-4EC1-BC29-A1A539352A6C}.Debug|x64.Build.0 = Debug|x64
		{62F461D8-F44D-4EC1-BC29-A1A539352A6C}.Debug|x86.ActiveCfg = Debug|Win32
		{62F461D8-F44D-4EC1-BC29-A1A539352A6C}.Debug|x86.Build.0 = Debug|Win32
		{62F461D8-F44D-4EC1-BC29-A1A539352A6C}.Release|x64.ActiveCfg = Release|x64
		{62F461D8-F44D-4EC1-BC29-A1A539352A6C}.Release|x64.Build.0 = Release|x64
		{62F461D8-F44D-4EC1-BC29-A1A539352A6C}.Release|x86.ActiveCfg = Release|Win32
		{62F461D8-F44D-4EC1-BC29-A1A539352A6C}.Release|x86.Build.0 = Release|Win32
		{5CD2BE86-8658-4E14-9B07-C349B7982538}.Debug|x64.ActiveCfg = Debug|x64
		{5CD2BE86-8658-4E14-9B07-C349B7982538}.Debug|x64.Build.0 = Debug|x64
		{5CD2BE86-8658-4E14-9B07-C349B7982538}.Debug|x86.ActiveCfg = Debug|Win32
		{5CD2BE86-8658-4E14-9B07-C349B7982538}.Debug|x86.Build.0 = Debug|Win32
		{5CD2BE86-8658-4E14-9B07-C349B7982538}.Release|x64.ActiveCfg = Release|x64
		{5CD2BE86-8658-4E14-9B07-C349B7982538}.Release|x64.Build.0 = Release|x64
		{5CD2BE86-8658-4E14-9B07-C349B7982538}.Release|x86.ActiveCfg = Release|Win32
		{5CD2BE86-8658-4E14-9B07-C349B7982538}.Release|x86.Build.0 = Release|Win32
		{516169D7-EAB4-42F4-AE47-DCD7BACE6C62}.Debug|x64.ActiveCfg = Debug|x64
		{516169D7-EAB4-42F4-AE47-DCD7BACE6C62}.Debug|x64.Build.0 = Debug|x64
		{516169D7-EAB4-42F4-AE47-DCD7BACE6C62}.Debug|x86.ActiveCfg = Debug|Win32
		{516169D7-EAB4-42F4-AE47-DCD7BACE6C62}.Debug|x86.Build.0 = Debug|Win32
		{516169D7-EAB4-42F4-AE47-DCD7BACE6C62}.Release|x64.ActiveCfg = Release|x64
		{516169D7-EAB4-42F4-AE47-DCD7BACE6C62}.Release|x64.Build.0 = Release|x64
		{516169D7-EAB4-42F4-AE47-DCD7BACE6C62}.Release|x86.ActiveCfg = Release|Win32
		{516169D7-EAB4-42F4-AE47-DCD7BACE6C62}.Release|x86.Build.0 = Release|Win32
		{9118BC9B-D6D4-47BB-8379-83A5FF74AD6C}.Debug|x64.ActiveCfg = Debug|x64
		{9118BC9B-D6D4-47BB-8379-83A5FF74AD6C}.Debug|x64.Build.0 = Debug|x64
		{9118BC9B-D6D4-47BB-8379-83A5FF74AD6C}.Debug|x86.ActiveCfg = Debug|Win32
		{9118BC9B-D6D4-47BB-8379-83A5FF74AD6C}.Debug|x86.Build.0 = Debug|Win32
		{9118BC9B-D6D4-47BB-8379-83A5FF74AD6C}.Release|x64.ActiveCfg = Release|x64
		{9118BC9B-D6D4-47BB-8379-83A5FF74AD6C}.Release|x64.Build.0 = Release|x64
		{9118BC9B-D6D4-47BB-8379-83A5FF74AD6C}.Release|x86.ActiveCfg = Release|Win32
		{9118BC9B-D6D4-47BB-8379-83A5FF74AD6C}.Release|x86.Build.0 = Release|Win32
		{C1AF9743-C991-49FD-B4A8-1E55C736B6E2}.Debug|x64.ActiveCfg = Debug|x64
		{C1AF9743-C991-49FD-B4A8-1E55C736B6E2}.Debug|x64.Build.0 = Debug|x64
		{C1AF9743-C991-49FD-B4A8-1E55C736B6E2}.Debug|x86.ActiveCfg = Debug|Win32
		{C1AF9743-C991-49FD-B4A8-1E55C736B6E2}.Debug|x86.Build.0 = Debug|Win32
		{C1AF9743-C991-49FD-B4A8-1E55C736B6E2}.Release|x64.ActiveCfg = Release|x64
		{C1AF9743-C991-49FD-B4A8-1E55C736B6E2}.Release|x64.Build.0 = Release|x64
		{C1AF9743-C991-49FD-B4A8-1E55C736B6E2}.Release|x86.ActiveCfg = Release|Win32
		{C1AF9743-C991-49FD-B4A8-1E55C736B6E2}.Release|x86.Build.0 = Release|Win32
		{F26FC927-31A7-43B6-BDD1-46D5EFAFED20}.Debug|x64.ActiveCfg = Debug|x64
		{F26FC927-31A7-43B6-BDD1-46D5EFAFED20}.Debug|x64.Build.0 = Debug|x64
		{F26FC927-31A7-43B6-BDD1-46D5EFAFED20}.Debug|x86.ActiveCfg = Debug|Win32
		{F26FC927-31A7-43B6-BDD1-46D5EFAFED20}.Debug|x86.Build.0 = Debug|Win32
		{F26FC927-31A7-43B6-BDD1-46D5EFAFED20}.Release|x64.ActiveCfg = Release|x64
		{F26FC927-31A7-43B6-BDD1-46D5EFAFED20}.Release|x64.Build.0 = Release|x64
		{F26FC927-31A7-43B6-BDD1-46D5EFAFED20}.Release|x86.ActiveCfg = Release|Win32
		{F26FC927-31A7-43B6-BDD1-46D5EFAFED20}.Release|x86.Build.0 = Release|Win32
		{36034F2D-4595-40B0-BDB6-F876DDA5AF3B}.Debug|x64.ActiveCfg = Debug|x64
		{36034F2D-4595-40B0-BDB6-F876DDA5AF3B}.Debug|x64.Build.0 = Debug|x64
		{36034F2D-4595-40B0-BDB6-F876DDA5AF3B}.Debug|x86.ActiveCfg = Debug|Win32
		{36034F2D-4595-40B0-BDB6-F876DDA5AF3B}.Debug|x86.Build.0 = Debug|Win32
		{36034F2D-4595-40B0-BDB6-F876DDA5AF3B}.Release|x64.ActiveCfg = Release|x64
		{36034F2D-4595-40B0-BDB6-F876DDA5AF3B}.Release|x64.Build.0 = Release|x64
		{36034F2D-4595-40B0-BDB6-F876DDA5AF3B}.Release|x86.ActiveCfg = Release|Win32
		{36034F2D-4595-40B0-BDB6-F876DDA5AF3B}.Release|x86.Build.0 = Release|Win32
		{284FAC01-2931-4B1A-95DF-69B3594349DD}.Debug|x64.ActiveCfg = Debug|x64
		{284FAC01-2931-4B1A-95DF-69B3594349DD}.Debug|x64.Build.0 = Debug|x64
		{284FAC01-2931-4B1A-95DF-69B3594349DD}.Debug|x86.ActiveCfg = Debug|Win32
		{284FAC01-2931-4B1A-95DF-69B3594349DD}.Debug|x86.Build.0 = Debug|Win32
		{284FAC01-2931-4B1A-95DF-69B3594349DD}.Release|x64.ActiveCfg = Release|x64
		{284FAC01-2931-4B1A-95DF-69B3594349DD}.Release|x64.Build.0 = Release|x64
		{284FAC01-2931-4B1A-95DF-69B3594349DD}.Release|x86.ActiveCfg = Release|Win32
		{284FAC01-2931-4B1A-95DF-69B3594349DD}.Release|x86.Build.0 = Release|Win32
		{2C50AB10-CF88-4BE5-8230-DB736DA38F09}.Debug|x64.ActiveCfg = Debug|x64
		{2C50AB10-CF88-4BE5-8230-DB736DA38F09}.Debug|x64.Build.0 = Debug|x64
		{2C50AB10-CF88-4BE5-8230-DB736DA38F09}.Debug|x86.ActiveCfg = Debug|Win32
		{2C50AB10-CF88-4BE5-8230-DB736DA38F09}.Debug|x86.Build.0 = Debug|Win32
		{2C50AB10-CF88-4BE5-8230-DB736DA38F09}.Release|x64.ActiveCfg = Release|x64
		{2C50AB10-CF88-4BE5-8230-DB736DA38F09}.Release|x64.Build.0 = Release|x64
		{2C50AB10-CF88-4BE5-8230-DB736DA38F09}.Release|x86.ActiveCfg = Release|Win32
		{2C50AB10-CF88-4BE5-8230-DB736DA38F09}.Release|x86.Build.0 = Release|Win32
		{DD573A92-2EDE-4B52-959F-1DF4D3EE9130}.Debug|x64.ActiveCfg = Debug|x64
		{DD573A92-2EDE-4B52-959F-1DF4D3EE9130}.Debug|x64.Build.0 = Debug|x64
		{DD573A92-2EDE-4B52-959F-1DF4D3EE9130}.Debug|x86.ActiveCfg = Debug|Win32
		{DD573A92-2EDE-4B52-959F-1DF4D3EE9130}.Debug|x86.Build.0 = Debug|Win32
		{DD573A92-2EDE-4B52-959F-1DF4D3EE9130}.Release|x64.ActiveCfg = Release|x64
		{DD573A92-2EDE-4B52-959F-1DF4D3EE9130}.Release|x64.Build.0 = Release|x64
		{DD573A92-2EDE-4B52-959F-1DF4D3EE9130}.Release|x86.ActiveCfg = Release|Win32
		{DD573A92-2EDE-4B52-959F-1DF4D3EE9130}.Release|x86.Build.0 = Release|Win32
		{03FFA018-095D-4954-8BCF-5BC9B02514E4}.Debug|x64.ActiveCfg = Debug|x64
		{03FFA018-095D-4954-8BCF-5BC9B02514E4}.Debug|x64.Build.0 = Debug|x64
		{03FFA018-095D-4954-8BCF-5BC9B02514E4}.Debug|x86.ActiveCfg = Debug|Win32
		{03FFA018-095D-4954-8BCF-5BC9B02514E4}.Debug|x86.Build.0 = Debug|Win32
		{03FFA018-095D-4954-8BCF-5BC9B02514E4}.Release|x64.ActiveCfg = Release|x64
		{03FFA018-095D-4954-8BCF-5BC9B02514E4}.Release|x64.Build.0 = Release|x64
		{03FFA018-095D-4954-8BCF-5BC9B02514E4}.Release|x86.ActiveCfg = Release|Win32
		{03FFA018-095D-4954-8BCF-5BC9B02514E4}.Release|x86.Build.0 = Release|Win32
		{9AE3B526-15A7-419A-BB32-877FA8D826D0}.Debug|x64.ActiveCfg = Debug|x64
		{9AE3B526-15A7-419A-BB32-877FA8D826D0}.Debug|x64.Build.0 = Debug|x64
		{9AE3B526-15A7-419A-BB32-877FA8D826D0}.Debug|x86.ActiveCfg = Debug|Win32
		{9AE3B526-15A7-419A-BB32-877FA8D826D0}.Debug|x86.Build.0 = Debug|Win32
		{9AE3B526-15A7-419A-BB32-877FA8D826D0}.Release|x64.ActiveCfg = Release|x64
		{9AE3B526-15A7-419A-BB32-877FA8D826D0}.Release|x64.Build.0 = Release|x64
		{9AE3B526-15A7-419A-BB32-877FA8D826D0}.Release|x86.ActiveCfg = Release|Win32
		{9AE3B526-15A7-419A-BB32-877FA8D826D0}.Release|x86.Build.0 = Release|Win32
		{4E71116B-122A-41F1-BBF6-2FBF41022174}.Debug|x64.ActiveCfg = Debug|x64
		{4E71116B-122A-41F1-BBF6-2FBF41022174}.Debug|x64.Build.0 = Debug|x64
		{4E71116B-122A-41F1-BBF6-2FBF41022174}.Debug|x86.ActiveCfg = Debug|Win32
		{4E71116B-122A-41F1-BBF6-2FBF41022174}.Debug|x86.Build.0 = Debug|Win32
		{4E71116B-122A-41F1-BBF6-2FBF41022174}.Release|x64.ActiveCfg = Release|x64
		{4E71116B-122A-41F1-BBF6-2FBF41022174}.Release|x64.Build.0 = Release|x64
		{4E71116B-122A-41F1-BBF6-2FBF41022174}.Release|x86.ActiveCfg = Release|Win32
		{4E71116B-122A-41F1-BBF6-2FBF41022174}.Release|x86.Build.0 = Release|Win32
		{4DBF55E2-0B5C-4C65-9922-9995F8E927E8}.Debug|x64.ActiveCfg = Debug|x64
		{4DBF55E2-0B5C-4C65-9922-9995F8E927E8}.Debug|x64.Build.0 = Debug|x64
		{4DBF55E2-0B5C-4C65-9922-9995F8E927E8}.Debug|x86.ActiveCfg = Debug|Win32
		{4DBF55E2-0B5C-4C65-9922-9995F8E927E8}.Debug|x86.Build.0 = Debug|Win32
		{4DBF55E2-0B5C-4C65-9922-9995F8E927E8}.Release|x64.ActiveCfg = Release|x64
		{4DBF55E2-0B5C-4C65-9922-9995F8E927E8}.Release|x64.Build.0 = Release|x64
		{4DBF55E2-0B5C-4C65-9922-9995F8E927E8}.Release|x86.ActiveCfg = Release|Win32
		{4DBF55E2-0B5C-4C65-9922-9995F8E927E8}.Release|x86.Build.0 = Release|Win32
		{034791C7-87C9-43DA-895A-6DEAF2FD55EE}.Debug|x64.ActiveCfg = Debug|x64
		{034791C7-87C9-43DA-895A-6DEAF2FD55EE}.Debug|x64.Build.0 = Debug|x64
		{034791C7-87C9-43DA-895A-6DEAF2FD55EE}.Debug|x86.ActiveCfg = Debug|Win32
		{034791C7-87C9-43DA-895A-6DEAF2FD55EE}.Debug|x86.Build.0 = Debug|Win32
		{034791C7-87C9-43DA-895A-6DEAF2FD55EE}.Release|x64.ActiveCfg = Release|x64
		{034791C7-87C9-43DA-895A-6DEAF2FD55EE}.Release|x64.Build.0 = Release|x64
		{034791C7-87C9-43DA-895A-6DEAF2FD55EE}.Release|x86.ActiveCfg = Release|Win32
		{034791C7-87C9-43DA-895A-6DEAF2FD55EE}.Release|x86.Build.0 = Release|Win32
		{2A2753F5-69DA-4414-9322-D4B45F1BE0F1}.Debug|x64.ActiveCfg = Debug|x64
		{2A2753F5-69DA-4414-9322-D4B45F1BE0F1}.Debug|x64.Build.0 = Debug|x64
		{2A2753F5-69DA-4414-9322-D4B45F1BE0F1}.Debug|x86.ActiveCfg = Debug|Win32
		{2A2753F5-69DA-4414-9322-D4B45F1BE0F1}.Debug|x86.Build.0 = Debug|Win32
		{2A2753F5-69DA-4414-9322-D4B45F1BE0F1}.Release|x64.ActiveCfg = Release|x64
		{2A2753F5-69DA-4414-9322-D4B45F1BE0F1}.Release|x64.Build.0 = Release|x64
		{2A2753F5-69DA-4414-9322-D4B45F1BE0F1}.Release|x86.ActiveCfg = Release|Win32
		{2A2753F5-69DA-4414-9322-D4B45F1BE0F1}.Release|x86.Build.0 = Release|Win32
		{DB665464-83EC-497A-9FDF-D067D9EA0120}.Debug|x64.ActiveCfg = Debug|x64
		{DB665464-83EC-497A-9FDF-D067D9EA0120}.Debug|x64.Build.0 = Debug|x64
		{DB665464-83EC-497A-9FDF-D067D9EA0120}.Debug|x86.ActiveCfg = Debug|Win32
		{DB665464-83EC-497A-9FDF-D067D9EA0120}.Debug|x86.Build.0 = Debug|Win32
		{DB665464-83EC-497A-9FDF-D067D9EA0120}.Release|x64.ActiveCfg = Release|x64
		{DB665464-83EC-497A-9FDF-D067D9EA0120}.Release|x64.Build.0 = Release|x64
		{DB665464-83EC-497A-9FDF-D067D9EA0120}.Release|x86.ActiveCfg = Release|Win32
		{DB665464-83EC-497A-9FDF-D067D9EA0120}.Release|x86.Build.0 = Release|Win32
		{37EF8A0F-23AF-48CD-8806-32D2958E3BC9}.Debug|x64.ActiveCfg = Debug|x64
		{37EF8A0F-23AF-48CD-8806-32D2958E3BC9}.Debug|x64.Build.0 = Debug|x64
		{37EF8A0F-23AF-48CD-8806-32D2958E3BC9}.Debug|x86.ActiveCfg = Debug|Win32
		{37EF8A0F-23AF-48CD-8806-32D2958E3BC9}.Debug|x86.Build.0 = Debug|Win32
		{37EF8A0F-23AF-48CD-8806-32D2958E3BC9}.Release|x64.ActiveCfg = Release|x64
		{37EF8A0F-23AF-48CD-8806-32D2958E3BC9}.Release|x64.Build.0 = Release|x64
		{37EF8A0F-23AF-48CD-8806-32D2958E3BC9}.Release|x86.ActiveCfg = Release|Win32
		{37EF8A0F-23AF-48CD-8806-32D2958E3BC9}.Release|x86.Build.0 = Release|Win32
		{3DC23AFB-C9CD-4C6B-8C04-8A735792117C}.Debug|x64.ActiveCfg = Debug|x64
		{3DC23AFB-C9CD-4C6B-8C04-8A735792117C}.Debug|x64.Build.0 = Debug|x64
		{3DC23AFB-C9CD-4C6B-8C04-8A735792117C}.Debug|x86.ActiveCfg = Debug|Win32
		{3DC23AFB-C9CD-4C6B-8C04-8A735792117C}.Debug|x86.Build.0 = Debug|Win32
		{3DC23AFB-C9CD-4C6B-8C04-8A735792117C}.Release|x64.ActiveCfg = Release|x64
		{3DC23AFB-C9CD-4C6B-8C04-8A735792117C}.Release|x64.Build.0 = Release|x64
		{3DC23AFB-C9CD-4C6B-8C04-8A735792117C}.Release|x86.ActiveCfg = Release|Win32
		{3DC23AFB-C9CD-4C6B-8C04-8A735792117C}.Release|x86.Build.0 = Release|Win32
		{3D989C87-5AEC-4C12-BC31-9AAF35E8B198}.Debug|x64.ActiveCfg = Debug|x64
		{3D989C87-5AEC-4C12-BC31-9AAF35E8B198}.Debug|x64.Build.0 = Debug|x64
		{3D989C87-5AEC-4C12-BC31-9AAF35E8B198}.Debug|x86.ActiveCfg = Debug|Win32
		{3D989C87-5AEC-4C12-BC31-9AAF35E8B198}.Debug|x86.Build.0 = Debug|Win32
		{3D989C87-5AEC-4C12-BC31-9AAF35E8B198}.Release|x64.ActiveCfg = Release|x64
		{3D989C87-5AEC-4C12-BC31-9AAF35E8B198}.Release|x64.Build.0 = Release|x64
		{3D989C87-5AEC-4C12-BC31-9AAF35E8B198}.Release|x86.ActiveCfg = Release|Win32
		{3D989C87-5AEC-4C12-BC31-9AAF35E8B198}.Release|x86.Build.0 = Release|Win32
		{155CE659-5059-4404-A23A-400BAAD5659E}.Debug|x64.ActiveCfg = Debug|x64
		{155CE659-5059-4404-A23A-400BAAD5659E}.Debug|x64.Build.0 = Debug|x64
		{155CE659-5059-4404-A23A-400BAAD5659E}.Debug|x86.ActiveCfg = Debug|Win32
		{155CE659-5059-4404-A23A-400BAAD5659E}.Debug|x86.Build.0 = Debug|Win32
		{155CE659-5059-4404-A23A-400BAAD5659E}.Release|x64.ActiveCfg = Release|x64
		{155CE659-5059-4404-A23A-400BAAD5659E}.Release|x64.Build.0 = Release|x64
		{155CE659-5059-4404-A23A-400BAAD5659E}.Release|x86.ActiveCfg = Release|Win32
		{155CE659-5059-4404-A23A-400BAAD5659E}.Release|x86.Build.0 = Release|Win32
		{66C57E54-37A4-45BB-BD4C-1A11836856B2}.Debug|x64.ActiveCfg = Debug|x64
		{66C57E54-37A4-45BB-BD4C-1A11836856B2}.Debug|x64.Build.0 = Debug|x64
		{66C57E54-37A4-45BB-BD4C-1A11836856B2}.Debug|x86.ActiveCfg = Debug|Win32
		{66C57E54-37A4-45BB-BD4C-1A11836856B2}.Debug|x86.Build.0 = Debug|Win32
		{66C57E54-37A4-45BB-BD4C-1A11836856B2}.Release|x64.ActiveCfg = Release|x64
		{66C57E54-37A4-45BB-BD4C-1A11836856B2}.Release|x64.Build.0 = Release|x64
		{66C57E54-37A4-45BB-BD4C-1A11836856B2}.Release|x86.ActiveCfg = Release|Win32
		{66C57E54-37A4-45BB-BD4C-1A11836856B2}.Release|x86.Build.0 = Release|Win32
		{42D6D5A7-5204-47CA-9143-75097F90D440}.Debug|x64.ActiveCfg = Debug|x64
		{42D6D5A7-5204-47CA-9143-75097F90D440}.Debug|x64.Build.0 = Debug|x64
		{42D6D5A7-5204-47CA-9143-75097F90D440}.Debug|x86.ActiveCfg = Debug|Win32
		{42D6D5A7-5204-47CA-9143-75097F90D440}.Debug|x86.Build.0 = Debug|Win32
		{42D6D5A7-5204-47CA-9143-75097F90D440}.Release|x64.ActiveCfg = Release|x64
		{42D6D5A7-5204-47CA-9143-75097F90D440}.Release|x64.Build.0 = Release|x64
		{42D6D5A7-5204-47CA-9143-75097F90D440}.Release|x86.ActiveCfg = Release|Win32
		{42D6D5A7-5204-47CA-9143-75097F90D440}.Release|x86.Build.0 = Release|Win32
		{4A5DE3D0-BDD3-408B-AD72-3623CEEE7AFC}.Debug|x64.ActiveCfg = Debug|x64
		{4A5DE3D0-BDD3-408B-AD72-3623CEEE7AFC}.Debug|x64.Build.0 = Debug|x64
		{4A5DE3D0-BDD3-408B-AD72-3623CEEE7AFC}.Debug|x86.ActiveCfg = Debug|Win32
		{4A5DE3D0-BDD3-408B-AD72-3623CEEE7AFC}.Debug|x86.Build.0 = Debug|Win32
		{4A5DE3D0-BDD3-408B-AD72-3623CEEE7AFC}.Release|x64.ActiveCfg = Release|x64
		{4A5DE3D0-BDD3-408B-AD72-3623CEEE7AFC}.Release|x64.Build.0 = Release|x64
		{4A5DE3D0-BDD3-408B-AD72-3623CEEE7AFC}.Release|x86.ActiveCfg = Release|Win32
		{4A5DE3D0-BDD3-408B-AD72-3623CEEE7AFC}.Release|x86.Build.0 = Release|Win32
		{66AAA197-15CF-4CFA-8D4D-D05917990657}.Debug|x64.ActiveCfg = Debug|x64
		{66AAA197-15CF-4CFA-8D4D-D05917990657}.Debug|x64.Build.0 = Debug|x64
		{66AAA197-15CF-4CFA-8D4D-D05917990657}.Debug|x86.ActiveCfg = Debug|Win32
		{66AAA197-15CF-4CFA-8D4D-D05917990657}.Debug|x86.Build.0 = Debug|Win32
		{66AAA197-15CF-4CFA-8D4D-D05917990657}.Release|x64.ActiveCfg = Release|x64
		{66AAA197-15CF-4CFA-8D4D-D05917990657}.Release|x64.Build.0 = Release|x64
		{66AAA197-15CF-4CFA-8D4D-D05917990657}.Release|x86.ActiveCfg = Release|Win32
		{66AAA197-15CF-4CFA-8D4D-D05917990657}.Release|x86.Build.0 = Release|Win32
		{EEF83ADD-B422-400A-AD06-3C38C19AC366}.Debug|x64.ActiveCfg = Debug|x64
		{EEF83ADD-B422-400A-AD06-3C38C19AC366}.Debug|x64.Build.0 = Debug|x64
		{EEF83ADD-B422-400A-AD06-3C38C19AC366}.Debug|x86.ActiveCfg = Debug|Win32
		{EEF83ADD-B422-400A-AD06-3C38C19AC366}.Debug|x86.Build.0 = Debug|Win32
		{EEF83ADD-B422-400A-AD06-3C38C19AC366}.Release|x64.ActiveCfg = Release|x64
		{EEF83ADD-B422-400A-AD06-3C38C19AC366}.Release|x64.Build.0 = Release|x64
		{EEF83ADD-B422-400A-AD06-3C38C19AC366}.Release|x86.ActiveCfg = Release|Win32
		{EEF83ADD-B422-400A-AD06-3C38C19AC366}.Release|x86.Build.0 = Release|Win32
		{E471BCED-272C-4971-B373-4E4E954353C1}.Debug|x64.ActiveCfg = Debug|x64
		{E471BCED-272C-4971-B373-4E4E954353C1}.Debug|x64.Build.0 = Debug|x64
		{E471BCED-272C-4971-B373-4E4E954353C1}.Debug|x86.ActiveCfg = Debug|Win32
		{E471BCED-272C-4971-B373-4E4E954353C1}.Debug|x86.Build.0 = Debug|Win32
		{E471BCED-272C-4971-B373-4E4E954353C1}.Release|x64.ActiveCfg = Release|x64
		{E471BCED-272C-4971-B373-4E4E954353C1}.Release|x64.Build.0 = Release|x64
		{E471BCED-272C-4971-B373-4E4E954353C1}.Release|x86.ActiveCfg = Release|Win32
		{E471BCED-272C-4971-B373-4E4E954353C1}.Release|x86.Build.0 = Release|Win32
		{40676C99-BDE8-4953-88D5-0281C472A7A3}.Debug|x64.ActiveCfg = Debug|x64
		{40676C99-BDE8-4953-88D5-0281C472A7A3}.Debug|x64.Build.0 = Debug|x64
		{40676C99-BDE8-4953-88D5-0281C472A7A3}.Debug|x86.ActiveCfg = Debug|Win32
		{40676C99-BDE8-4953-88D5-0281C472A7A3}.Debug|x86.Build.0 = Debug|Win32
		{40676C99-BDE8-4953-88D5-0281C472A7A3}.Release|x64.ActiveCfg = Release|x64
		{40676C99-BDE8-4953-88D5-0281C472A7A3}.Release|x64.Build.0 = Release|x64
		{40676C99-BDE8-4953-88D5-0281C472A7A3}.Release|x86.ActiveCfg = Release|Win32
		{40676C99-BDE8-4953-88D5-0281C472A7A3}.Release|x86.Build.0 = Release|Win32
		{A3B6E3E5-60ED-4FE8-9C8D-35AE13941FFB}.Debug|x64.ActiveCfg = Debug|x64
		{A3B6E3E5-60ED-4FE8-9C8D-35AE13941FFB}.Debug|x64.Build.0 = Debug|x64
		{A3B6E3E5-60ED-4FE8-9C8D-35AE13941FFB}.Debug|x86.ActiveCfg = Debug|Win32
		{A3B6E3E5-60ED-4FE8-9C8D-35AE13941FFB}.Debug|x86.Build.0 = Debug|Win32
		{A3B6E3E5-60ED-4FE8-9C8D-35AE13941FFB}.Release|x64.ActiveCfg = Release|x64
		{A3B6E3E5-60ED-4FE8-9C8D-35AE13941FFB}.Release|x64.Build.0 = Release|x64
		{A3B6E3E5-60ED-4FE8-9C8D-35AE13941FFB}.Release|x86.ActiveCfg = Release|Win32
		{A3B6E3E5-60ED-4FE8-9C8D-35AE13941FFB}.Release|x86.Build.0 = Release|Win32
		{2422516F-9081-43BE-A784-1B8AEBEA97CC}.Debug|x64.ActiveCfg = Debug|x64
		{2422516F-9081-43BE-A784-1B8AEBEA97CC}.Debug|x64.Build.0 = Debug|x64
		{2422516F-9081-43BE-A784-1B8AEBEA97CC}.Debug|x86.ActiveCfg = Debug|Win32
		{2422516F-9081-43BE-A784-1B8AEBEA97CC}.Debug|x86.Build.0 = Debug|Win32
		{2422516F-9081-43BE-A784-1B8AEBEA97CC}.Release|x64.ActiveCfg = Release|x64
		{2422516F-9081-43BE-A784-1B8AEBEA97CC}.Release|x64.Build.0 = Release|x64
		{2422516F-9081-43BE-A784-1B8AEBEA97CC}.Release|x86.ActiveCfg = Release|Win32
		{2422516F-9081-43BE-A784-1B8AEBEA97CC}.Release|x86.Build.0 = Release|Win32
		{12878C3D-9325-4747-BA46-36A495C3952D}.Debug|x64.ActiveCfg = Debug|x64
		{12878C3D-9325-4747-BA46-36A495C3952D}.Debug|x64.Build.0 = Debug|x64
		{12878C3D-9325-4747-BA46-36A495C3952D}.Debug|x86.ActiveCfg = Debug|Win32
		{12878C3D-9325-4747-BA46-36A495C3952D}.Debug|x86.Build.0 = Debug|Win32
		{12878C3D-9325-4747-BA46-36A495C3952D}.Release|x64.ActiveCfg = Release|x64
		{12878C3D-9325-4747-BA46-36A495C3952D}.Release|x64.Build.0 = Release|x64
		{12878C3D-9325-4747-BA46-36A495C3952D}.Release|x86.ActiveCfg = Release|Win32
		{12878C3D-9325-4747-BA46-36A495C3952D}.Release|x86.Build.0 = Release|Win32
		{8A06BC96-EE67-4987-B90C-E5FBD257956D}.Debug|x64.ActiveCfg = Debug|x64
		{8A06BC96-EE67-4987-B90C-E5FBD257956D}.Debug|x64.Build.0 = Debug|x64
		{8A06BC96-EE67-4987-B90C-E5FBD257956D}.Debug|x86.ActiveCfg = Debug|Win32
		{8A06BC96-EE67-4987-B90C-E5FBD257956D}.Debug|x86.Build.0 = Debug|Win32
		{8A06BC96-EE67-4987-B90C-E5FBD257956D}.Release|x64.ActiveCfg = Release|x64
		{8A06BC96-EE67-4987-B90C-E5FBD257956D}.Release|x64.Build.0 = Release|x64
		{8A06BC96-EE67-4987-B90C-E5FBD257956D}.Release|x86.ActiveCfg = Release|Win32
		{8A06BC96-EE67-4987-B90C-E5FBD257956D}.Release|x86.Build.0 = Release|Win32
		{15976BCA-AB09-4D03-B9C5-502DDA5D2ED8}.Debug|x64.ActiveCfg = Debug|x64
		{15976BCA-AB09-4D03-B9C5-502DDA5D2ED8}.Debug|x64.Build.0 = Debug|x64
		{15976BCA-AB09-4D03-B9C5-502DDA5D2ED8}.Debug|x86.ActiveCfg = Debug|Win32
		{15976BCA-AB09-4D03-B9C5-502DDA5D2ED8}.Debug|x86.Build.0 = Debug|Win32
		{15976BCA-AB09-4D03-B9C5-502DDA5D2ED8}.Release|x64.ActiveCfg = Release|x64
		{15976BCA-AB09-4D03-B9C5-502DDA5D2ED8}.Release|x64.Build.0 = Release|x64
		{15976BCA-AB09-4D03-B9C5-502DDA5D2ED8}.Release|x86.ActiveCfg = Release|Win32
		{15976BCA-AB09-4D03-B9C5-502DDA5D2ED8}.Release|x86.Build.0 = Release|Win32
		{7F9B2FA1-F759-4E9A-947B-E179DFBAB9B0}.Debug|x64.ActiveCfg = Debug|x64
		{7F9B2FA1-F759-4E9A-947B-E179DFBAB9B0}.Debug|x64.Build.0 = Debug|x64
		{7F9B2FA1-F759-4E9A-947B-E179DFBAB9B0}.Debug|x86.ActiveCfg = Debug|Win32
		{7F9B2FA1-F759-4E9A-947B-E179DFBAB9B0}.Debug|x86.Build.0 = Debug|Win32
		{7F9B2FA1-F759-4E9A-947B-E179DFBAB9B0}.Release|x64.ActiveCfg = Release|x64
		{7F9B2FA1-F759-4E9A-947B-E179DFBAB9B0}.Release|x64.Build.0 = Release|x64
		{7F9B2FA1-F759-4E9A-947B-E179DFBAB9B0}.Release|x86.ActiveCfg = Release|Win32
		{7F9B2FA1-F759-4E9A-947B-E179DFBAB9B0}.Release|x86.Build.0 = Release|Win32
		{45508D06-C17D-4126-A6E1-A7250725D39A}.Debug|x64.ActiveCfg = Debug|x64
		{45508D06-C17D-4126-A6E1-A7250725D39A}.Debug|x64.Build.0 = Debug|x64
		{45508D06-C17D-4126-A6E1-A7250725D39A}.Debug|x86.ActiveCfg = Debug|Win32
		{45508D06-C17D-4126-A6E1-A7250725D39A}.Debug|x86.Build.0 = Debug|Win32
		{45508D06-C17D-4126-A6E1-A7250725D39A}.Release|x64.ActiveCfg = Release|x64
		{45508D06-C17D-4126-A6E1-A7250725D39A}.Release|x64.Build.0 = Release|x64
		{45508D06-C17D-4126-A6E1-A7250725D39A}.Release|x86.ActiveCfg = Release|Win32
		{45508D06-C17D-4126-A6E1-A7250725D39A}.Release|x86.Build.0 = Release|Win32
		{D77DA427-A94F-4CEB-BEEE-B6622E1005EA}.Debug|x64.ActiveCfg = Debug|x64
		{D77DA427-A94F-4CEB-BEEE-B6622E1005EA}.Debug|x64.Build.0 = Debug|x64
		{D77DA427-A94F-4CEB-BEEE-B6622E1005EA}.Debug|x86.ActiveCfg = Debug|Win32
		{D77DA427-A94F-4CEB-BEEE-B6622E1005EA}.Debug|x86.Build.0 = Debug|Win32
		{D77DA427-A94F-4CEB-BEEE-B6622E1005EA}.Release|x64.ActiveCfg = Release|x64
		{D77DA427-A94F-4CEB-BEEE-B6622E1005EA}.Release|x64.Build.0 = Release|x64
		{D77DA427-A94F-4CEB-BEEE-B6622E1005EA}.Release|x86.ActiveCfg = Release|Win32
		{D77DA427-A94F-4CEB-BEEE-B6622E1005EA}.Release|x86.Build.0 = Release|Win32
		{661A2AFA-79C7-48B2-BFA6-B5BCFCD0AA7F}.Debug|x64.ActiveCfg = Debug|x64
		{661A2AFA-79C7-48B2-BFA6-B5BCFCD0AA7F}.Debug|x64.Build.0 = Debug|x64
		{661A2AFA-79C7-48B2-BFA6-B5BCFCD0AA7F}.Debug|x86.ActiveCfg = Debug|Win32
		{661A2AFA-79C7-48B2-BFA6-B5BCFCD0AA7F}.Debug|x86.Build.0 = Debug|Win32
		{661A2AFA-79C7-48B2-BFA6-B5BCFCD0AA7F}.Release|x64.ActiveCfg = Release|x64
		{661A2AFA-79C7-48B2-BFA6-B5BCFCD0AA7F}.Release|x64.Build.0 = Release|x64
		{661A2AFA-79C7-48B2-BFA6-B5BCFCD0AA7F}.Release|x86.ActiveCfg = Release|Win32
		{661A2AFA-79C7-48B2-BFA6-B5BCFCD0AA7F}.Release|x86.Build.0 = Release|Win32
		{8A84C879-1961-4DCC-BEEF-6CB6DB8F3852}.Debug|x64.ActiveCfg = Debug|x64
		{8A84C879-1961-4DCC-BEEF-6CB6DB8F3852}.Debug|x64.Build.0 = Debug|x64
		{8A84C879-1961-4DCC-BEEF-6CB6DB8F3852}.Debug|x86.ActiveCfg = Debug|Win32
		{8A84C879-1961-4DCC-BEEF-6CB6DB8F3852}.Debug|x86.Build.0 = Debug|Win32
		{8A84C879-1961-4DCC-BEEF-6CB6DB8F3852}.Release|x64.ActiveCfg = Release|x64
		{8A84C879-1961-4DCC-BEEF-6CB6DB8F3852}.Release|x64.Build.0 = Release|x64
		{8A84C879-1961-4DCC-BEEF-6CB6DB8F3852}.Release|x86.ActiveCfg = Release|Win32
		{8A84C879-1961-4DCC-BEEF-6CB6DB8F3852}.Release|x86.Build.0 = Release|Win32
		{63F61481-1B7A-405E-990B-047A0E43D1E9}.Debug|x64.ActiveCfg = Debug|x64
		{63F61481-1B7A-405E-990B-047A0E43D1E9}.Debug|x64.Build.0 = Debug|x64
		{63F61481-1B7A-405E-990B-047A0E43D1E9}.Debug|x86.ActiveCfg = Debug|Win32
		{63F61481-1B7A-405E-990B-047A0E43D1E9}.Debug|x86.Build.0 = Debug|Win32
		{63F61481-1B7A-405E-990B-047A0E43D1E9}.Release|x64.ActiveCfg = Release|x64
		{63F61481-1B7A-405E-990B-047A0E43D1E9}.Release|x64.Build.0 = Release|x64
		{63F61481-1B7A-405E-990B-047A0E43D1E9}.Release|x86.ActiveCfg = Release|Win32
		{63F61481-1B7A-405E-990B-047A0E43D1E9}.Release|x86.Build.0 = Release|Win32
		{11EDB00F-BBC6-47C4-9A35-64FBBC440FE8}.Debug|x64.ActiveCfg = Debug|x64
		{11EDB00F-BBC6-47C4-9A35-64FBBC440FE8}.Debug|x64.Build.0 = Debug|x64
		{11EDB00F-BBC6-47C4-9A35-64FBBC440FE8}.Debug|x86.ActiveCfg = Debug|Win32
		{11EDB00F-BBC6-47C4-9A35-64FBBC440FE8}.Debug|x86.Build.0 = Debug|Win32
		{11EDB00F-BBC6-47C4-9A35-64FBBC440FE8}.Release|x64.ActiveCfg = Release|x64
		{11EDB00F-BBC6-47C4-9A35-64FBBC440FE8}.Release|x64.Build.0 = Release|x64
		{11EDB00F-BBC6-47C4-9A35-64FBBC440FE8}.Release|x86.ActiveCfg = Release|Win32
		{11EDB00F-BBC6-47C4-9A35-64FBBC440FE8}.Release|x86.Build.0 = Release|Win32
		{0E6F6994-7852-41CA-8DCB-A66664129C08}.Debug|x64.ActiveCfg = Debug|x64
		{0E6F6994-7852-41CA-8DCB-A66664129C08}.Debug|x64.Build.0 = Debug|x64
		{0E6F6994-7852-41CA-8DCB-A66664129C08}.Debug|x86.ActiveCfg = Debug|Win32
		{0E6F6994-7852-41CA-8DCB-A66664129C08}.Debug|x86.Build.0 = Debug|Win32
		{0E6F6994-7852-41CA-8DCB-A66664129C08}.Release|x64.ActiveCfg = Release|x64
		{0E6F6994-7852-41CA-8DCB-A66664129C08}.Release|x64.Build.0 = Release|x64
		{0E6F6994-7852-41CA-8DCB-A66664129C08}.Release|x86.ActiveCfg = Release|Win32
		{0E6F6994-7852-41CA-8DCB-A66664129C08}.Release|x86.Build.0 = Release|Win32
		{FB691BC9-9DD6-4356-ACC5-294CC101162C}.Debug|x64.ActiveCfg = Debug|x64
		{FB691BC9-9DD6-4356-ACC5-294CC101162C}.Debug|x64.Build.0 = Debug|x64
		{FB691BC9-9DD6-4356-ACC5-294CC101162C}.Debug|x86.ActiveCfg = Debug|Win32
		{FB691BC9-9DD6-4356-ACC5-294CC101162C}.Debug|x86.Build.0 = Debug|Win32
		{FB691BC9-9DD6-4356-ACC5-294CC101162C}.Release|x64.ActiveCfg = Release|x64
		{FB691BC9-9DD6-4356-ACC5-294CC101162C}.Release|x64.Build.0 = Release|x64
		{FB691BC9-9DD6-4356-ACC5-294CC101162C}.Release|x86.ActiveCfg = Release|Win32
		{FB691BC9-9DD6-4356-ACC5-294CC101162C}.Release|x86.Build.0 = Release|Win32
		{8D1CD118-F2B9-4469-9A46-966783B3B17E}.Debug|x64.ActiveCfg = Debug|x64
		{8D1CD118-F2B9-4469-9A46-966783B3B17E}.Debug|x64.Build.0 = Debug|x64
		{8D1CD118-F2B9-4469-9A46-966783B3B17E}.Debug|x86.ActiveCfg = Debug|Win32
		{8D1CD118-F2B9-4469-9A46-966783B3B17E}.Debug|x86.Build.0 = Debug|Win32
		{8D1CD118-F2B9-4469-9A46-966783B3B17E}.Release|x64.ActiveCfg = Release|x64
		{8D1CD118-F2B9-4469-9A46-966783B3B17E}.Release|x64.Build.0 = Release|x64
		{8D1CD118-F2B9-4469-9A46-966783B3B17E}.Release|x86.ActiveCfg = Release|Win32
		{8D1CD118-F2B9-4469-9A46-966783B3B17E}.Release|x86.Build.0 = Release|Win32
		{746F8ECC-D40B-4693-A0CC-2D6E435672DC}.Debug|x64.ActiveCfg = Debug|x64
		{746F8ECC-D40B-4693-A0CC-2D6E435672DC}.Debug|x64.Build.0 = Debug|x64
		{746F8ECC-D40B-4693-A0CC-2D6E435672DC}.Debug|x86.ActiveCfg = Debug|Win32
		{746F8ECC-D40B-4693-A0CC-2D6E435672DC}.Debug|x86.Build.0 = Debug|Win32
		{746F8ECC-D40B-4693-A0CC-2D6E435672DC}.Release|x64.ActiveCfg = Release|x64
		{746F8ECC-D40B-4693-A0CC-2D6E435672DC}.Release|x64.Build.0 = Release|x64
		{746F8ECC-D40B-4693-A0CC-2D6E435672DC}.Release|x86.ActiveCfg = Release|Win32
		{746F8ECC-D40B-4693-A0CC-2D6E435672DC}.Release|x86.Build.0 = Release|Win32
		{958456A4-1CD2-41A5-A8A0-4977D88C33E2}.Debug|x64.ActiveCfg = Debug|x64
		{958456A4-1CD2-41A5-A8A0-4977D88C33E2}.Debug|x64.Build.0 = Debug|x64
		{958456A4-1CD2-41A5-A8A0-4977D88C33E2}.Debug|x86.ActiveCfg = Debug|Win32
		{958456A4-1CD2-41A5-A8A0-4977D88C33E2}.Debug|x86.Build.0 = Debug|Win32
		{958456A4-1CD2-41A5-A8A0-4977D88C33E2}.Release|x64.ActiveCfg = Release|x64
		{958456A4-1CD2-41A5-A8A0-4977D88C33E2}.Release|x64.Build.0 = Release|x64
		{958456A4-1CD2-41A5-A8A0-4977D88C33E2}.Release|x86.ActiveCfg = Release|Win32
		{958456A4-1CD2-41A5-A8A0-4977D88C33E2}.Release|x86.Build.0 = Release|Win32
		{8DA51B18-B068-49B6-A0DD-611166D1D288}.Debug|x64.ActiveCfg = Debug|x64
		{8DA51B18-B068-49B6-A0DD-611166D1D288}.Debug|x64.Build.0 = Debug|x64
		{8DA51B18-B068-49B6-A0DD-611166D1D288}.Debug|x86.ActiveCfg = Debug|Win32
		{8DA51B18-B068-49B6-A0DD-611166D1D288}.Debug|x86.Build.0 = Debug|Win32
		{8DA51B18-B068-49B6-A0DD-611166D1D288}.Release|x64.ActiveCfg = Release|x64
		{8DA51B18-B068-49B6-A0DD-611166D1D288}.Release|x64.Build.0 = Release|x64
		{8DA51B18-B068-49B6-A0DD-611166D1D288}.Release|x86.ActiveCfg = Release|Win32
		{8DA51B18-B068-49B6-A0DD-611166D1D288}.Release|x86.Build.0 = Release|Win32
	EndGlobalSection
	GlobalSection(SolutionProperties) = preSolution
		HideSolutionNode = FALSE
	EndGlobalSection
EndGlobal
